
Microsoft Visual Studio Solution File, Format Version 12.00
# Visual Studio 2013
VisualStudioVersion = 12.0.30723.0
MinimumVisualStudioVersion = 10.0.40219.1
Project("{FAE04EC0-301F-11D3-BF4B-00C04F79EFBC}") = "MobileServices", "MobileServices\MobileServices.csproj", "{B6DBA0FB-8271-4372-9AA0-22FB1E320827}"
EndProject
Project("{2150E333-8FDC-42A3-9474-1A3956D46DE8}") = "Examples", "Examples", "{0BCED35A-6150-49A5-B834-137C0E23CB6A}"
EndProject
Project("{FAE04EC0-301F-11D3-BF4B-00C04F79EFBC}") = "MobileServices.SmartThings", "SmartThings\MobileServices.SmartThings.csproj", "{4F7D3C54-97A2-43EA-910E-EBF76EAC7ACD}"
EndProject
Project("{FAE04EC0-301F-11D3-BF4B-00C04F79EFBC}") = "MobileServices.Github", "Github\MobileServices.Github.csproj", "{6A44D83E-4657-405B-A272-083C1E499D93}"
EndProject
Global
	GlobalSection(SolutionConfigurationPlatforms) = preSolution
		Debug|Any CPU = Debug|Any CPU
		Release|Any CPU = Release|Any CPU
	EndGlobalSection
	GlobalSection(ProjectConfigurationPlatforms) = postSolution
		{B6DBA0FB-8271-4372-9AA0-22FB1E320827}.Debug|Any CPU.ActiveCfg = Debug|Any CPU
		{B6DBA0FB-8271-4372-9AA0-22FB1E320827}.Debug|Any CPU.Build.0 = Debug|Any CPU
		{B6DBA0FB-8271-4372-9AA0-22FB1E320827}.Release|Any CPU.ActiveCfg = Release|Any CPU
		{B6DBA0FB-8271-4372-9AA0-22FB1E320827}.Release|Any CPU.Build.0 = Release|Any CPU
		{4F7D3C54-97A2-43EA-910E-EBF76EAC7ACD}.Debug|Any CPU.ActiveCfg = Debug|Any CPU
		{4F7D3C54-97A2-43EA-910E-EBF76EAC7ACD}.Debug|Any CPU.Build.0 = Debug|Any CPU
		{4F7D3C54-97A2-43EA-910E-EBF76EAC7ACD}.Release|Any CPU.ActiveCfg = Release|Any CPU
		{4F7D3C54-97A2-43EA-910E-EBF76EAC7ACD}.Release|Any CPU.Build.0 = Release|Any CPU
		{6A44D83E-4657-405B-A272-083C1E499D93}.Debug|Any CPU.ActiveCfg = Debug|Any CPU
		{6A44D83E-4657-405B-A272-083C1E499D93}.Debug|Any CPU.Build.0 = Debug|Any CPU
		{6A44D83E-4657-405B-A272-083C1E499D93}.Release|Any CPU.ActiveCfg = Release|Any CPU
		{6A44D83E-4657-405B-A272-083C1E499D93}.Release|Any CPU.Build.0 = Release|Any CPU
	EndGlobalSection
	GlobalSection(SolutionProperties) = preSolution
		HideSolutionNode = FALSE
	EndGlobalSection
EndGlobal
